
Microsoft Visual Studio Solution File, Format Version 12.00
# Visual Studio Version 16
VisualStudioVersion = 16.0.30011.22
MinimumVisualStudioVersion = 10.0.40219.1
Project("{FAE04EC0-301F-11D3-BF4B-00C04F79EFBC}") = "FileSearch", "FileSearch\FileSearch.csproj", "{0E2E2682-1C60-4750-BC16-EE9ECF4F6EEB}"
EndProject
Global
	GlobalSection(SolutionConfigurationPlatforms) = preSolution
		Debug|Any CPU = Debug|Any CPU
		Release|Any CPU = Release|Any CPU
	EndGlobalSection
	GlobalSection(ProjectConfigurationPlatforms) = postSolution
		{0E2E2682-1C60-4750-BC16-EE9ECF4F6EEB}.Debug|Any CPU.ActiveCfg = Debug|Any CPU
		{0E2E2682-1C60-4750-BC16-EE9ECF4F6EEB}.Debug|Any CPU.Build.0 = Debug|Any CPU
		{0E2E2682-1C60-4750-BC16-EE9ECF4F6EEB}.Release|Any CPU.ActiveCfg = Release|Any CPU
		{0E2E2682-1C60-4750-BC16-EE9ECF4F6EEB}.Release|Any CPU.Build.0 = Release|Any CPU
	EndGlobalSection
	GlobalSection(SolutionProperties) = preSolution
		HideSolutionNode = FALSE
	EndGlobalSection
	GlobalSection(ExtensibilityGlobals) = postSolution
		SolutionGuid = {5E00C9B5-FD94-471E-81C4-6B21C14878C2}
	EndGlobalSection
EndGlobal
